
Microsoft Visual Studio Solution File, Format Version 12.00
# Visual Studio Version 17
VisualStudioVersion = 17.7.34031.279
MinimumVisualStudioVersion = 10.0.40219.1
Project("{FAE04EC0-301F-11D3-BF4B-00C04F79EFBC}") = "SuperHeroesAppp", "SuperHeroesAppp\SuperHeroesAppp.csproj", "{BE9B29E1-F139-4F30-BA13-D20A5AC2D2BF}"
EndProject
Global
	GlobalSection(SolutionConfigurationPlatforms) = preSolution
		Debug|Any CPU = Debug|Any CPU
		Release|Any CPU = Release|Any CPU
	EndGlobalSection
	GlobalSection(ProjectConfigurationPlatforms) = postSolution
		{BE9B29E1-F139-4F30-BA13-D20A5AC2D2BF}.Debug|Any CPU.ActiveCfg = Debug|Any CPU
		{BE9B29E1-F139-4F30-BA13-D20A5AC2D2BF}.Debug|Any CPU.Build.0 = Debug|Any CPU
		{BE9B29E1-F139-4F30-BA13-D20A5AC2D2BF}.Release|Any CPU.ActiveCfg = Release|Any CPU
		{BE9B29E1-F139-4F30-BA13-D20A5AC2D2BF}.Release|Any CPU.Build.0 = Release|Any CPU
	EndGlobalSection
	GlobalSection(SolutionProperties) = preSolution
		HideSolutionNode = FALSE
	EndGlobalSection
	GlobalSection(ExtensibilityGlobals) = postSolution
		SolutionGuid = {19ED599D-2B4C-4064-8F09-26EA23C24AEB}
	EndGlobalSection
EndGlobal
